
Microsoft Visual Studio Solution File, Format Version 12.00
# Visual Studio Version 17
VisualStudioVersion = 17.5.002.0
MinimumVisualStudioVersion = 10.0.40219.1
Project("{9A19103F-16F7-4668-BE54-9A1E7A4F7556}") = "Projetinho", "Projetinho.csproj", "{03DE71F6-E048-4864-BE27-0BE3830AD7CD}"
EndProject
Project("{9A19103F-16F7-4668-BE54-9A1E7A4F7556}") = "BibliotecaOOP", "BibliotecaOOP\BibliotecaOOP.csproj", "{BDB8B9A1-9C93-4407-9B85-34C3C301B95A}"
EndProject
Global
	GlobalSection(SolutionConfigurationPlatforms) = preSolution
		Debug|Any CPU = Debug|Any CPU
		Release|Any CPU = Release|Any CPU
	EndGlobalSection
	GlobalSection(ProjectConfigurationPlatforms) = postSolution
		{03DE71F6-E048-4864-BE27-0BE3830AD7CD}.Debug|Any CPU.ActiveCfg = Debug|Any CPU
		{03DE71F6-E048-4864-BE27-0BE3830AD7CD}.Debug|Any CPU.Build.0 = Debug|Any CPU
		{03DE71F6-E048-4864-BE27-0BE3830AD7CD}.Release|Any CPU.ActiveCfg = Release|Any CPU
		{03DE71F6-E048-4864-BE27-0BE3830AD7CD}.Release|Any CPU.Build.0 = Release|Any CPU
		{BDB8B9A1-9C93-4407-9B85-34C3C301B95A}.Debug|Any CPU.ActiveCfg = Debug|Any CPU
		{BDB8B9A1-9C93-4407-9B85-34C3C301B95A}.Debug|Any CPU.Build.0 = Debug|Any CPU
		{BDB8B9A1-9C93-4407-9B85-34C3C301B95A}.Release|Any CPU.ActiveCfg = Release|Any CPU
		{BDB8B9A1-9C93-4407-9B85-34C3C301B95A}.Release|Any CPU.Build.0 = Release|Any CPU
	EndGlobalSection
	GlobalSection(SolutionProperties) = preSolution
		HideSolutionNode = FALSE
	EndGlobalSection
	GlobalSection(ExtensibilityGlobals) = postSolution
		SolutionGuid = {59AF5BDB-2FB6-4650-901C-EFF45ACEA184}
	EndGlobalSection
EndGlobal
